// !$*UTF8*$!
{
	archiveVersion = 1;
	classes = {
	};
	objectVersion = 44;
	objects = {

/* Begin PBXBuildFile section */
		4DE3BE140D8651D900ECA448 /* MacRuby.framework in Frameworks */ = {isa = PBXBuildFile; fileRef = 4DE3BE130D8651D900ECA448 /* MacRuby.framework */; };
		784F52180E0E742900ABCD1D /* Carbon.framework in Frameworks */ = {isa = PBXBuildFile; fileRef = 784F52170E0E742900ABCD1D /* Carbon.framework */; };
		784F52D80E0E743800ABCD1D /* WebKit.framework in Frameworks */ = {isa = PBXBuildFile; fileRef = 784F52D70E0E743800ABCD1D /* WebKit.framework */; };
		78ADE72A0E0E749200991CCF /* AsyncSocket.m in Sources */ = {isa = PBXBuildFile; fileRef = 78ADE7230E0E749200991CCF /* AsyncSocket.m */; };
		78ADE72B0E0E749200991CCF /* GradientFill.m in Sources */ = {isa = PBXBuildFile; fileRef = 78ADE7250E0E749200991CCF /* GradientFill.m */; };
		78ADE72C0E0E749200991CCF /* main.m in Sources */ = {isa = PBXBuildFile; fileRef = 78ADE7260E0E749200991CCF /* main.m */; };
		78ADE72D0E0E749200991CCF /* OldEventManager.m in Sources */ = {isa = PBXBuildFile; fileRef = 78ADE7280E0E749200991CCF /* OldEventManager.m */; };
		78ADE72E0E0E749200991CCF /* rb_main.rb in Resources */ = {isa = PBXBuildFile; fileRef = 78ADE7290E0E749200991CCF /* rb_main.rb */; };
		78ADE77C0E0E74A500991CCF /* inputhistory.rb in Resources */ = {isa = PBXBuildFile; fileRef = 78ADE7300E0E74A500991CCF /* inputhistory.rb */; };
		78ADE77D0E0E74A500991CCF /* ircsocket.rb in Resources */ = {isa = PBXBuildFile; fileRef = 78ADE7310E0E74A500991CCF /* ircsocket.rb */; };
		78ADE77E0E0E74A500991CCF /* resolver.rb in Resources */ = {isa = PBXBuildFile; fileRef = 78ADE7320E0E74A500991CCF /* resolver.rb */; };
		78ADE77F0E0E74A500991CCF /* tcpclient.rb in Resources */ = {isa = PBXBuildFile; fileRef = 78ADE7330E0E74A500991CCF /* tcpclient.rb */; };
		78ADE7800E0E74A500991CCF /* tcpserver.rb in Resources */ = {isa = PBXBuildFile; fileRef = 78ADE7340E0E74A500991CCF /* tcpserver.rb */; };
		78ADE7810E0E74A500991CCF /* timer.rb in Resources */ = {isa = PBXBuildFile; fileRef = 78ADE7350E0E74A500991CCF /* timer.rb */; };
		78ADE7820E0E74A500991CCF /* appcontroller.rb in Resources */ = {isa = PBXBuildFile; fileRef = 78ADE7370E0E74A500991CCF /* appcontroller.rb */; };
		78ADE7830E0E74A500991CCF /* growlcontroller.rb in Resources */ = {isa = PBXBuildFile; fileRef = 78ADE7380E0E74A500991CCF /* growlcontroller.rb */; };
		78ADE7840E0E74A500991CCF /* menucontroller.rb in Resources */ = {isa = PBXBuildFile; fileRef = 78ADE7390E0E74A500991CCF /* menucontroller.rb */; };
		78ADE7850E0E74A500991CCF /* preferences.rb in Resources */ = {isa = PBXBuildFile; fileRef = 78ADE73A0E0E74A500991CCF /* preferences.rb */; };
		78ADE7860E0E74A500991CCF /* dccmanager.rb in Resources */ = {isa = PBXBuildFile; fileRef = 78ADE73C0E0E74A500991CCF /* dccmanager.rb */; };
		78ADE7870E0E74A500991CCF /* dccreceiver.rb in Resources */ = {isa = PBXBuildFile; fileRef = 78ADE73D0E0E74A500991CCF /* dccreceiver.rb */; };
		78ADE7880E0E74A500991CCF /* dccsender.rb in Resources */ = {isa = PBXBuildFile; fileRef = 78ADE73E0E0E74A500991CCF /* dccsender.rb */; };
		78ADE7890E0E74A500991CCF /* autoopdialog.rb in Resources */ = {isa = PBXBuildFile; fileRef = 78ADE7400E0E74A500991CCF /* autoopdialog.rb */; };
		78ADE78A0E0E74A500991CCF /* channeldialog.rb in Resources */ = {isa = PBXBuildFile; fileRef = 78ADE7410E0E74A500991CCF /* channeldialog.rb */; };
		78ADE78B0E0E74A500991CCF /* commentsheet.rb in Resources */ = {isa = PBXBuildFile; fileRef = 78ADE7420E0E74A500991CCF /* commentsheet.rb */; };
		78ADE78C0E0E74A500991CCF /* listdialog.rb in Resources */ = {isa = PBXBuildFile; fileRef = 78ADE7430E0E74A500991CCF /* listdialog.rb */; };
		78ADE78D0E0E74A500991CCF /* modesheet.rb in Resources */ = {isa = PBXBuildFile; fileRef = 78ADE7440E0E74A500991CCF /* modesheet.rb */; };
		78ADE78E0E0E74A500991CCF /* nicksheet.rb in Resources */ = {isa = PBXBuildFile; fileRef = 78ADE7450E0E74A500991CCF /* nicksheet.rb */; };
		78ADE78F0E0E74A500991CCF /* pastesheet.rb in Resources */ = {isa = PBXBuildFile; fileRef = 78ADE7460E0E74A500991CCF /* pastesheet.rb */; };
		78ADE7900E0E74A500991CCF /* preferencedialog.rb in Resources */ = {isa = PBXBuildFile; fileRef = 78ADE7470E0E74A500991CCF /* preferencedialog.rb */; };
		78ADE7910E0E74A500991CCF /* serverdialog.rb in Resources */ = {isa = PBXBuildFile; fileRef = 78ADE7480E0E74A500991CCF /* serverdialog.rb */; };
		78ADE7920E0E74A500991CCF /* welcomedialog.rb in Resources */ = {isa = PBXBuildFile; fileRef = 78ADE7490E0E74A500991CCF /* welcomedialog.rb */; };
		78ADE7930E0E74A500991CCF /* whoisdialog.rb in Resources */ = {isa = PBXBuildFile; fileRef = 78ADE74A0E0E74A500991CCF /* whoisdialog.rb */; };
		78ADE7940E0E74A500991CCF /* channel.rb in Resources */ = {isa = PBXBuildFile; fileRef = 78ADE74C0E0E74A500991CCF /* channel.rb */; };
		78ADE7950E0E74A500991CCF /* channelmode.rb in Resources */ = {isa = PBXBuildFile; fileRef = 78ADE74D0E0E74A500991CCF /* channelmode.rb */; };
		78ADE7960E0E74A500991CCF /* config.rb in Resources */ = {isa = PBXBuildFile; fileRef = 78ADE74E0E0E74A500991CCF /* config.rb */; };
		78ADE7970E0E74A500991CCF /* ircmessage.rb in Resources */ = {isa = PBXBuildFile; fileRef = 78ADE74F0E0E74A500991CCF /* ircmessage.rb */; };
		78ADE7980E0E74A500991CCF /* isupportinfo.rb in Resources */ = {isa = PBXBuildFile; fileRef = 78ADE7500E0E74A500991CCF /* isupportinfo.rb */; };
		78ADE7990E0E74A500991CCF /* unit.rb in Resources */ = {isa = PBXBuildFile; fileRef = 78ADE7510E0E74A500991CCF /* unit.rb */; };
		78ADE79A0E0E74A500991CCF /* user.rb in Resources */ = {isa = PBXBuildFile; fileRef = 78ADE7520E0E74A500991CCF /* user.rb */; };
		78ADE79B0E0E74A500991CCF /* usermode.rb in Resources */ = {isa = PBXBuildFile; fileRef = 78ADE7530E0E74A500991CCF /* usermode.rb */; };
		78ADE79C0E0E74A500991CCF /* world.rb in Resources */ = {isa = PBXBuildFile; fileRef = 78ADE7540E0E74A500991CCF /* world.rb */; };
		78ADE79D0E0E74A500991CCF /* cocoasheet.rb in Resources */ = {isa = PBXBuildFile; fileRef = 78ADE7560E0E74A500991CCF /* cocoasheet.rb */; };
		78ADE79E0E0E74A500991CCF /* dialoghelper.rb in Resources */ = {isa = PBXBuildFile; fileRef = 78ADE7570E0E74A500991CCF /* dialoghelper.rb */; };
		78ADE79F0E0E74A500991CCF /* filelogger.rb in Resources */ = {isa = PBXBuildFile; fileRef = 78ADE7580E0E74A500991CCF /* filelogger.rb */; };
		78ADE7A00E0E74A500991CCF /* growl.rb in Resources */ = {isa = PBXBuildFile; fileRef = 78ADE7590E0E74A500991CCF /* growl.rb */; };
		78ADE7A10E0E74A500991CCF /* kanasupport.rb in Resources */ = {isa = PBXBuildFile; fileRef = 78ADE75A0E0E74A500991CCF /* kanasupport.rb */; };
		78ADE7A20E0E74A500991CCF /* keyeventhandler.rb in Resources */ = {isa = PBXBuildFile; fileRef = 78ADE75B0E0E74A500991CCF /* keyeventhandler.rb */; };
		78ADE7A30E0E74A500991CCF /* numberformat.rb in Resources */ = {isa = PBXBuildFile; fileRef = 78ADE75C0E0E74A500991CCF /* numberformat.rb */; };
		78ADE7A40E0E74A500991CCF /* pasternakclient.rb in Resources */ = {isa = PBXBuildFile; fileRef = 78ADE75D0E0E74A500991CCF /* pasternakclient.rb */; };
		78ADE7A50E0E74A500991CCF /* pastieclient.rb in Resources */ = {isa = PBXBuildFile; fileRef = 78ADE75E0E0E74A500991CCF /* pastieclient.rb */; };
		78ADE7A60E0E74A500991CCF /* persistencehelper.rb in Resources */ = {isa = PBXBuildFile; fileRef = 78ADE75F0E0E74A500991CCF /* persistencehelper.rb */; };
		78ADE7A70E0E74A500991CCF /* soundplayer.rb in Resources */ = {isa = PBXBuildFile; fileRef = 78ADE7600E0E74A500991CCF /* soundplayer.rb */; };
		78ADE7A80E0E74A500991CCF /* stringvalidator.rb in Resources */ = {isa = PBXBuildFile; fileRef = 78ADE7610E0E74A500991CCF /* stringvalidator.rb */; };
		78ADE7A90E0E74A500991CCF /* unicodeutil.rb in Resources */ = {isa = PBXBuildFile; fileRef = 78ADE7620E0E74A500991CCF /* unicodeutil.rb */; };
		78ADE7AA0E0E74A500991CCF /* urlopener.rb in Resources */ = {isa = PBXBuildFile; fileRef = 78ADE7630E0E74A500991CCF /* urlopener.rb */; };
		78ADE7AB0E0E74A500991CCF /* userdefaultsaccess.rb in Resources */ = {isa = PBXBuildFile; fileRef = 78ADE7640E0E74A500991CCF /* userdefaultsaccess.rb */; };
		78ADE7AC0E0E74A500991CCF /* utility.rb in Resources */ = {isa = PBXBuildFile; fileRef = 78ADE7650E0E74A500991CCF /* utility.rb */; };
		78ADE7AD0E0E74A500991CCF /* wildcard.rb in Resources */ = {isa = PBXBuildFile; fileRef = 78ADE7660E0E74A500991CCF /* wildcard.rb */; };
		78ADE7AE0E0E74A500991CCF /* plugin.rb in Resources */ = {isa = PBXBuildFile; fileRef = 78ADE7680E0E74A500991CCF /* plugin.rb */; };
		78ADE7AF0E0E74A500991CCF /* pluginmanager.rb in Resources */ = {isa = PBXBuildFile; fileRef = 78ADE7690E0E74A500991CCF /* pluginmanager.rb */; };
		78ADE7B00E0E74A500991CCF /* chatbox.rb in Resources */ = {isa = PBXBuildFile; fileRef = 78ADE76B0E0E74A500991CCF /* chatbox.rb */; };
		78ADE7B10E0E74A500991CCF /* dialogwindow.rb in Resources */ = {isa = PBXBuildFile; fileRef = 78ADE76C0E0E74A500991CCF /* dialogwindow.rb */; };
		78ADE7B20E0E74A500991CCF /* fieldeditortextview.rb in Resources */ = {isa = PBXBuildFile; fileRef = 78ADE76D0E0E74A500991CCF /* fieldeditortextview.rb */; };
		78ADE7B30E0E74A500991CCF /* listview.rb in Resources */ = {isa = PBXBuildFile; fileRef = 78ADE76E0E0E74A500991CCF /* listview.rb */; };
		78ADE7B40E0E74A500991CCF /* log.rb in Resources */ = {isa = PBXBuildFile; fileRef = 78ADE76F0E0E74A500991CCF /* log.rb */; };
		78ADE7B50E0E74A500991CCF /* logrenderer.rb in Resources */ = {isa = PBXBuildFile; fileRef = 78ADE7700E0E74A500991CCF /* logrenderer.rb */; };
		78ADE7B60E0E74A500991CCF /* logview.rb in Resources */ = {isa = PBXBuildFile; fileRef = 78ADE7710E0E74A500991CCF /* logview.rb */; };
		78ADE7B70E0E74A500991CCF /* mainwindow.rb in Resources */ = {isa = PBXBuildFile; fileRef = 78ADE7720E0E74A500991CCF /* mainwindow.rb */; };
		78ADE7B80E0E74A500991CCF /* markedscroller.rb in Resources */ = {isa = PBXBuildFile; fileRef = 78ADE7730E0E74A500991CCF /* markedscroller.rb */; };
		78ADE7B90E0E74A500991CCF /* memberlistview.rb in Resources */ = {isa = PBXBuildFile; fileRef = 78ADE7740E0E74A500991CCF /* memberlistview.rb */; };
		78ADE7BA0E0E74A500991CCF /* servertreeview.rb in Resources */ = {isa = PBXBuildFile; fileRef = 78ADE7750E0E74A500991CCF /* servertreeview.rb */; };
		78ADE7BB0E0E74A500991CCF /* singlelineformatter.rb in Resources */ = {isa = PBXBuildFile; fileRef = 78ADE7760E0E74A500991CCF /* singlelineformatter.rb */; };
		78ADE7BC0E0E74A500991CCF /* splitter.rb in Resources */ = {isa = PBXBuildFile; fileRef = 78ADE7770E0E74A500991CCF /* splitter.rb */; };
		78ADE7BD0E0E74A500991CCF /* tableprogressindicator.rb in Resources */ = {isa = PBXBuildFile; fileRef = 78ADE7780E0E74A500991CCF /* tableprogressindicator.rb */; };
		78ADE7BE0E0E74A500991CCF /* textfield.rb in Resources */ = {isa = PBXBuildFile; fileRef = 78ADE7790E0E74A500991CCF /* textfield.rb */; };
		78ADE7BF0E0E74A500991CCF /* treeview.rb in Resources */ = {isa = PBXBuildFile; fileRef = 78ADE77A0E0E74A500991CCF /* treeview.rb */; };
		78ADE7C00E0E74A500991CCF /* viewtheme.rb in Resources */ = {isa = PBXBuildFile; fileRef = 78ADE77B0E0E74A500991CCF /* viewtheme.rb */; };
		8D11072A0486CEB800E47090 /* MainMenu.nib in Resources */ = {isa = PBXBuildFile; fileRef = 29B97318FDCFA39411CA2CEA /* MainMenu.nib */; };
		8D11072B0486CEB800E47090 /* InfoPlist.strings in Resources */ = {isa = PBXBuildFile; fileRef = 089C165CFE840E0CC02AAC07 /* InfoPlist.strings */; };
		8D11072F0486CEB800E47090 /* Cocoa.framework in Frameworks */ = {isa = PBXBuildFile; fileRef = 1058C7A1FEA54F0111CA2CBB /* Cocoa.framework */; };
/* End PBXBuildFile section */

/* Begin PBXFileReference section */
		089C165DFE840E0CC02AAC07 /* English */ = {isa = PBXFileReference; fileEncoding = 10; lastKnownFileType = text.plist.strings; name = English; path = English.lproj/InfoPlist.strings; sourceTree = "<group>"; };
		1058C7A1FEA54F0111CA2CBB /* Cocoa.framework */ = {isa = PBXFileReference; lastKnownFileType = wrapper.framework; name = Cocoa.framework; path = /System/Library/Frameworks/Cocoa.framework; sourceTree = "<absolute>"; };
		13E42FB307B3F0F600E4EEF1 /* CoreData.framework */ = {isa = PBXFileReference; lastKnownFileType = wrapper.framework; name = CoreData.framework; path = /System/Library/Frameworks/CoreData.framework; sourceTree = "<absolute>"; };
		29B97319FDCFA39411CA2CEA /* English */ = {isa = PBXFileReference; lastKnownFileType = wrapper.nib; name = English; path = English.lproj/MainMenu.nib; sourceTree = "<group>"; };
		29B97324FDCFA39411CA2CEA /* AppKit.framework */ = {isa = PBXFileReference; lastKnownFileType = wrapper.framework; name = AppKit.framework; path = /System/Library/Frameworks/AppKit.framework; sourceTree = "<absolute>"; };
		29B97325FDCFA39411CA2CEA /* Foundation.framework */ = {isa = PBXFileReference; lastKnownFileType = wrapper.framework; name = Foundation.framework; path = /System/Library/Frameworks/Foundation.framework; sourceTree = "<absolute>"; };
		4DE3BE130D8651D900ECA448 /* MacRuby.framework */ = {isa = PBXFileReference; lastKnownFileType = wrapper.framework; name = MacRuby.framework; path = /Library/Frameworks/MacRuby.framework; sourceTree = "<absolute>"; };
		784F52170E0E742900ABCD1D /* Carbon.framework */ = {isa = PBXFileReference; lastKnownFileType = wrapper.framework; name = Carbon.framework; path = /System/Library/Frameworks/Carbon.framework; sourceTree = "<absolute>"; };
		784F52D70E0E743800ABCD1D /* WebKit.framework */ = {isa = PBXFileReference; lastKnownFileType = wrapper.framework; name = WebKit.framework; path = /System/Library/Frameworks/WebKit.framework; sourceTree = "<absolute>"; };
		78ADE7220E0E749200991CCF /* AsyncSocket.h */ = {isa = PBXFileReference; fileEncoding = 4; lastKnownFileType = sourcecode.c.h; name = AsyncSocket.h; path = objc/AsyncSocket.h; sourceTree = "<group>"; };
		78ADE7230E0E749200991CCF /* AsyncSocket.m */ = {isa = PBXFileReference; fileEncoding = 4; lastKnownFileType = sourcecode.c.objc; name = AsyncSocket.m; path = objc/AsyncSocket.m; sourceTree = "<group>"; };
		78ADE7240E0E749200991CCF /* GradientFill.h */ = {isa = PBXFileReference; fileEncoding = 4; lastKnownFileType = sourcecode.c.h; name = GradientFill.h; path = objc/GradientFill.h; sourceTree = "<group>"; };
		78ADE7250E0E749200991CCF /* GradientFill.m */ = {isa = PBXFileReference; fileEncoding = 4; lastKnownFileType = sourcecode.c.objc; name = GradientFill.m; path = objc/GradientFill.m; sourceTree = "<group>"; };
		78ADE7260E0E749200991CCF /* main.m */ = {isa = PBXFileReference; fileEncoding = 4; lastKnownFileType = sourcecode.c.objc; name = main.m; path = objc/main.m; sourceTree = "<group>"; };
		78ADE7270E0E749200991CCF /* OldEventManager.h */ = {isa = PBXFileReference; fileEncoding = 4; lastKnownFileType = sourcecode.c.h; name = OldEventManager.h; path = objc/OldEventManager.h; sourceTree = "<group>"; };
		78ADE7280E0E749200991CCF /* OldEventManager.m */ = {isa = PBXFileReference; fileEncoding = 4; lastKnownFileType = sourcecode.c.objc; name = OldEventManager.m; path = objc/OldEventManager.m; sourceTree = "<group>"; };
		78ADE7290E0E749200991CCF /* rb_main.rb */ = {isa = PBXFileReference; fileEncoding = 4; lastKnownFileType = text.script.ruby; name = rb_main.rb; path = objc/rb_main.rb; sourceTree = "<group>"; };
		78ADE7300E0E74A500991CCF /* inputhistory.rb */ = {isa = PBXFileReference; fileEncoding = 4; lastKnownFileType = text.script.ruby; path = inputhistory.rb; sourceTree = "<group>"; };
		78ADE7310E0E74A500991CCF /* ircsocket.rb */ = {isa = PBXFileReference; fileEncoding = 4; lastKnownFileType = text.script.ruby; path = ircsocket.rb; sourceTree = "<group>"; };
		78ADE7320E0E74A500991CCF /* resolver.rb */ = {isa = PBXFileReference; fileEncoding = 4; lastKnownFileType = text.script.ruby; path = resolver.rb; sourceTree = "<group>"; };
		78ADE7330E0E74A500991CCF /* tcpclient.rb */ = {isa = PBXFileReference; fileEncoding = 4; lastKnownFileType = text.script.ruby; path = tcpclient.rb; sourceTree = "<group>"; };
		78ADE7340E0E74A500991CCF /* tcpserver.rb */ = {isa = PBXFileReference; fileEncoding = 4; lastKnownFileType = text.script.ruby; path = tcpserver.rb; sourceTree = "<group>"; };
		78ADE7350E0E74A500991CCF /* timer.rb */ = {isa = PBXFileReference; fileEncoding = 4; lastKnownFileType = text.script.ruby; path = timer.rb; sourceTree = "<group>"; };
		78ADE7370E0E74A500991CCF /* appcontroller.rb */ = {isa = PBXFileReference; fileEncoding = 4; lastKnownFileType = text.script.ruby; path = appcontroller.rb; sourceTree = "<group>"; };
		78ADE7380E0E74A500991CCF /* growlcontroller.rb */ = {isa = PBXFileReference; fileEncoding = 4; lastKnownFileType = text.script.ruby; path = growlcontroller.rb; sourceTree = "<group>"; };
		78ADE7390E0E74A500991CCF /* menucontroller.rb */ = {isa = PBXFileReference; fileEncoding = 4; lastKnownFileType = text.script.ruby; path = menucontroller.rb; sourceTree = "<group>"; };
		78ADE73A0E0E74A500991CCF /* preferences.rb */ = {isa = PBXFileReference; fileEncoding = 4; lastKnownFileType = text.script.ruby; path = preferences.rb; sourceTree = "<group>"; };
		78ADE73C0E0E74A500991CCF /* dccmanager.rb */ = {isa = PBXFileReference; fileEncoding = 4; lastKnownFileType = text.script.ruby; path = dccmanager.rb; sourceTree = "<group>"; };
		78ADE73D0E0E74A500991CCF /* dccreceiver.rb */ = {isa = PBXFileReference; fileEncoding = 4; lastKnownFileType = text.script.ruby; path = dccreceiver.rb; sourceTree = "<group>"; };
		78ADE73E0E0E74A500991CCF /* dccsender.rb */ = {isa = PBXFileReference; fileEncoding = 4; lastKnownFileType = text.script.ruby; path = dccsender.rb; sourceTree = "<group>"; };
		78ADE7400E0E74A500991CCF /* autoopdialog.rb */ = {isa = PBXFileReference; fileEncoding = 4; lastKnownFileType = text.script.ruby; path = autoopdialog.rb; sourceTree = "<group>"; };
		78ADE7410E0E74A500991CCF /* channeldialog.rb */ = {isa = PBXFileReference; fileEncoding = 4; lastKnownFileType = text.script.ruby; path = channeldialog.rb; sourceTree = "<group>"; };
		78ADE7420E0E74A500991CCF /* commentsheet.rb */ = {isa = PBXFileReference; fileEncoding = 4; lastKnownFileType = text.script.ruby; path = commentsheet.rb; sourceTree = "<group>"; };
		78ADE7430E0E74A500991CCF /* listdialog.rb */ = {isa = PBXFileReference; fileEncoding = 4; lastKnownFileType = text.script.ruby; path = listdialog.rb; sourceTree = "<group>"; };
		78ADE7440E0E74A500991CCF /* modesheet.rb */ = {isa = PBXFileReference; fileEncoding = 4; lastKnownFileType = text.script.ruby; path = modesheet.rb; sourceTree = "<group>"; };
		78ADE7450E0E74A500991CCF /* nicksheet.rb */ = {isa = PBXFileReference; fileEncoding = 4; lastKnownFileType = text.script.ruby; path = nicksheet.rb; sourceTree = "<group>"; };
		78ADE7460E0E74A500991CCF /* pastesheet.rb */ = {isa = PBXFileReference; fileEncoding = 4; lastKnownFileType = text.script.ruby; path = pastesheet.rb; sourceTree = "<group>"; };
		78ADE7470E0E74A500991CCF /* preferencedialog.rb */ = {isa = PBXFileReference; fileEncoding = 4; lastKnownFileType = text.script.ruby; path = preferencedialog.rb; sourceTree = "<group>"; };
		78ADE7480E0E74A500991CCF /* serverdialog.rb */ = {isa = PBXFileReference; fileEncoding = 4; lastKnownFileType = text.script.ruby; path = serverdialog.rb; sourceTree = "<group>"; };
		78ADE7490E0E74A500991CCF /* welcomedialog.rb */ = {isa = PBXFileReference; fileEncoding = 4; lastKnownFileType = text.script.ruby; path = welcomedialog.rb; sourceTree = "<group>"; };
		78ADE74A0E0E74A500991CCF /* whoisdialog.rb */ = {isa = PBXFileReference; fileEncoding = 4; lastKnownFileType = text.script.ruby; path = whoisdialog.rb; sourceTree = "<group>"; };
		78ADE74C0E0E74A500991CCF /* channel.rb */ = {isa = PBXFileReference; fileEncoding = 4; lastKnownFileType = text.script.ruby; path = channel.rb; sourceTree = "<group>"; };
		78ADE74D0E0E74A500991CCF /* channelmode.rb */ = {isa = PBXFileReference; fileEncoding = 4; lastKnownFileType = text.script.ruby; path = channelmode.rb; sourceTree = "<group>"; };
		78ADE74E0E0E74A500991CCF /* config.rb */ = {isa = PBXFileReference; fileEncoding = 4; lastKnownFileType = text.script.ruby; path = config.rb; sourceTree = "<group>"; };
		78ADE74F0E0E74A500991CCF /* ircmessage.rb */ = {isa = PBXFileReference; fileEncoding = 4; lastKnownFileType = text.script.ruby; path = ircmessage.rb; sourceTree = "<group>"; };
		78ADE7500E0E74A500991CCF /* isupportinfo.rb */ = {isa = PBXFileReference; fileEncoding = 4; lastKnownFileType = text.script.ruby; path = isupportinfo.rb; sourceTree = "<group>"; };
		78ADE7510E0E74A500991CCF /* unit.rb */ = {isa = PBXFileReference; fileEncoding = 4; lastKnownFileType = text.script.ruby; path = unit.rb; sourceTree = "<group>"; };
		78ADE7520E0E74A500991CCF /* user.rb */ = {isa = PBXFileReference; fileEncoding = 4; lastKnownFileType = text.script.ruby; path = user.rb; sourceTree = "<group>"; };
		78ADE7530E0E74A500991CCF /* usermode.rb */ = {isa = PBXFileReference; fileEncoding = 4; lastKnownFileType = text.script.ruby; path = usermode.rb; sourceTree = "<group>"; };
		78ADE7540E0E74A500991CCF /* world.rb */ = {isa = PBXFileReference; fileEncoding = 4; lastKnownFileType = text.script.ruby; path = world.rb; sourceTree = "<group>"; };
		78ADE7560E0E74A500991CCF /* cocoasheet.rb */ = {isa = PBXFileReference; fileEncoding = 4; lastKnownFileType = text.script.ruby; path = cocoasheet.rb; sourceTree = "<group>"; };
		78ADE7570E0E74A500991CCF /* dialoghelper.rb */ = {isa = PBXFileReference; fileEncoding = 4; lastKnownFileType = text.script.ruby; path = dialoghelper.rb; sourceTree = "<group>"; };
		78ADE7580E0E74A500991CCF /* filelogger.rb */ = {isa = PBXFileReference; fileEncoding = 4; lastKnownFileType = text.script.ruby; path = filelogger.rb; sourceTree = "<group>"; };
		78ADE7590E0E74A500991CCF /* growl.rb */ = {isa = PBXFileReference; fileEncoding = 4; lastKnownFileType = text.script.ruby; path = growl.rb; sourceTree = "<group>"; };
		78ADE75A0E0E74A500991CCF /* kanasupport.rb */ = {isa = PBXFileReference; fileEncoding = 4; lastKnownFileType = text.script.ruby; path = kanasupport.rb; sourceTree = "<group>"; };
		78ADE75B0E0E74A500991CCF /* keyeventhandler.rb */ = {isa = PBXFileReference; fileEncoding = 4; lastKnownFileType = text.script.ruby; path = keyeventhandler.rb; sourceTree = "<group>"; };
		78ADE75C0E0E74A500991CCF /* numberformat.rb */ = {isa = PBXFileReference; fileEncoding = 4; lastKnownFileType = text.script.ruby; path = numberformat.rb; sourceTree = "<group>"; };
		78ADE75D0E0E74A500991CCF /* pasternakclient.rb */ = {isa = PBXFileReference; fileEncoding = 4; lastKnownFileType = text.script.ruby; path = pasternakclient.rb; sourceTree = "<group>"; };
		78ADE75E0E0E74A500991CCF /* pastieclient.rb */ = {isa = PBXFileReference; fileEncoding = 4; lastKnownFileType = text.script.ruby; path = pastieclient.rb; sourceTree = "<group>"; };
		78ADE75F0E0E74A500991CCF /* persistencehelper.rb */ = {isa = PBXFileReference; fileEncoding = 4; lastKnownFileType = text.script.ruby; path = persistencehelper.rb; sourceTree = "<group>"; };
		78ADE7600E0E74A500991CCF /* soundplayer.rb */ = {isa = PBXFileReference; fileEncoding = 4; lastKnownFileType = text.script.ruby; path = soundplayer.rb; sourceTree = "<group>"; };
		78ADE7610E0E74A500991CCF /* stringvalidator.rb */ = {isa = PBXFileReference; fileEncoding = 4; lastKnownFileType = text.script.ruby; path = stringvalidator.rb; sourceTree = "<group>"; };
		78ADE7620E0E74A500991CCF /* unicodeutil.rb */ = {isa = PBXFileReference; fileEncoding = 4; lastKnownFileType = text.script.ruby; path = unicodeutil.rb; sourceTree = "<group>"; };
		78ADE7630E0E74A500991CCF /* urlopener.rb */ = {isa = PBXFileReference; fileEncoding = 4; lastKnownFileType = text.script.ruby; path = urlopener.rb; sourceTree = "<group>"; };
		78ADE7640E0E74A500991CCF /* userdefaultsaccess.rb */ = {isa = PBXFileReference; fileEncoding = 4; lastKnownFileType = text.script.ruby; path = userdefaultsaccess.rb; sourceTree = "<group>"; };
		78ADE7650E0E74A500991CCF /* utility.rb */ = {isa = PBXFileReference; fileEncoding = 4; lastKnownFileType = text.script.ruby; path = utility.rb; sourceTree = "<group>"; };
		78ADE7660E0E74A500991CCF /* wildcard.rb */ = {isa = PBXFileReference; fileEncoding = 4; lastKnownFileType = text.script.ruby; path = wildcard.rb; sourceTree = "<group>"; };
		78ADE7680E0E74A500991CCF /* plugin.rb */ = {isa = PBXFileReference; fileEncoding = 4; lastKnownFileType = text.script.ruby; path = plugin.rb; sourceTree = "<group>"; };
		78ADE7690E0E74A500991CCF /* pluginmanager.rb */ = {isa = PBXFileReference; fileEncoding = 4; lastKnownFileType = text.script.ruby; path = pluginmanager.rb; sourceTree = "<group>"; };
		78ADE76B0E0E74A500991CCF /* chatbox.rb */ = {isa = PBXFileReference; fileEncoding = 4; lastKnownFileType = text.script.ruby; path = chatbox.rb; sourceTree = "<group>"; };
		78ADE76C0E0E74A500991CCF /* dialogwindow.rb */ = {isa = PBXFileReference; fileEncoding = 4; lastKnownFileType = text.script.ruby; path = dialogwindow.rb; sourceTree = "<group>"; };
		78ADE76D0E0E74A500991CCF /* fieldeditortextview.rb */ = {isa = PBXFileReference; fileEncoding = 4; lastKnownFileType = text.script.ruby; path = fieldeditortextview.rb; sourceTree = "<group>"; };
		78ADE76E0E0E74A500991CCF /* listview.rb */ = {isa = PBXFileReference; fileEncoding = 4; lastKnownFileType = text.script.ruby; path = listview.rb; sourceTree = "<group>"; };
		78ADE76F0E0E74A500991CCF /* log.rb */ = {isa = PBXFileReference; fileEncoding = 4; lastKnownFileType = text.script.ruby; path = log.rb; sourceTree = "<group>"; };
		78ADE7700E0E74A500991CCF /* logrenderer.rb */ = {isa = PBXFileReference; fileEncoding = 4; lastKnownFileType = text.script.ruby; path = logrenderer.rb; sourceTree = "<group>"; };
		78ADE7710E0E74A500991CCF /* logview.rb */ = {isa = PBXFileReference; fileEncoding = 4; lastKnownFileType = text.script.ruby; path = logview.rb; sourceTree = "<group>"; };
		78ADE7720E0E74A500991CCF /* mainwindow.rb */ = {isa = PBXFileReference; fileEncoding = 4; lastKnownFileType = text.script.ruby; path = mainwindow.rb; sourceTree = "<group>"; };
		78ADE7730E0E74A500991CCF /* markedscroller.rb */ = {isa = PBXFileReference; fileEncoding = 4; lastKnownFileType = text.script.ruby; path = markedscroller.rb; sourceTree = "<group>"; };
		78ADE7740E0E74A500991CCF /* memberlistview.rb */ = {isa = PBXFileReference; fileEncoding = 4; lastKnownFileType = text.script.ruby; path = memberlistview.rb; sourceTree = "<group>"; };
		78ADE7750E0E74A500991CCF /* servertreeview.rb */ = {isa = PBXFileReference; fileEncoding = 4; lastKnownFileType = text.script.ruby; path = servertreeview.rb; sourceTree = "<group>"; };
		78ADE7760E0E74A500991CCF /* singlelineformatter.rb */ = {isa = PBXFileReference; fileEncoding = 4; lastKnownFileType = text.script.ruby; path = singlelineformatter.rb; sourceTree = "<group>"; };
		78ADE7770E0E74A500991CCF /* splitter.rb */ = {isa = PBXFileReference; fileEncoding = 4; lastKnownFileType = text.script.ruby; path = splitter.rb; sourceTree = "<group>"; };
		78ADE7780E0E74A500991CCF /* tableprogressindicator.rb */ = {isa = PBXFileReference; fileEncoding = 4; lastKnownFileType = text.script.ruby; path = tableprogressindicator.rb; sourceTree = "<group>"; };
		78ADE7790E0E74A500991CCF /* textfield.rb */ = {isa = PBXFileReference; fileEncoding = 4; lastKnownFileType = text.script.ruby; path = textfield.rb; sourceTree = "<group>"; };
		78ADE77A0E0E74A500991CCF /* treeview.rb */ = {isa = PBXFileReference; fileEncoding = 4; lastKnownFileType = text.script.ruby; path = treeview.rb; sourceTree = "<group>"; };
		78ADE77B0E0E74A500991CCF /* viewtheme.rb */ = {isa = PBXFileReference; fileEncoding = 4; lastKnownFileType = text.script.ruby; path = viewtheme.rb; sourceTree = "<group>"; };
		8D1107310486CEB800E47090 /* Info.plist */ = {isa = PBXFileReference; fileEncoding = 4; lastKnownFileType = text.plist.xml; path = Info.plist; sourceTree = "<group>"; };
		8D1107320486CEB800E47090 /* LimeChat.app */ = {isa = PBXFileReference; explicitFileType = wrapper.application; includeInIndex = 0; path = LimeChat.app; sourceTree = BUILT_PRODUCTS_DIR; };
/* End PBXFileReference section */

/* Begin PBXFrameworksBuildPhase section */
		8D11072E0486CEB800E47090 /* Frameworks */ = {
			isa = PBXFrameworksBuildPhase;
			buildActionMask = 2147483647;
			files = (
				8D11072F0486CEB800E47090 /* Cocoa.framework in Frameworks */,
				4DE3BE140D8651D900ECA448 /* MacRuby.framework in Frameworks */,
				784F52180E0E742900ABCD1D /* Carbon.framework in Frameworks */,
				784F52D80E0E743800ABCD1D /* WebKit.framework in Frameworks */,
			);
			runOnlyForDeploymentPostprocessing = 0;
		};
/* End PBXFrameworksBuildPhase section */

/* Begin PBXGroup section */
		080E96DDFE201D6D7F000001 /* Classes */ = {
			isa = PBXGroup;
			children = (
				78ADE72F0E0E74A500991CCF /* component */,
				78ADE7360E0E74A500991CCF /* controller */,
				78ADE73B0E0E74A500991CCF /* dcc */,
				78ADE73F0E0E74A500991CCF /* dialog */,
				78ADE74B0E0E74A500991CCF /* irc */,
				78ADE7550E0E74A500991CCF /* lib */,
				78ADE7670E0E74A500991CCF /* plugin */,
				78ADE76A0E0E74A500991CCF /* view */,
			);
			name = Classes;
			sourceTree = "<group>";
		};
		1058C7A0FEA54F0111CA2CBB /* Linked Frameworks */ = {
			isa = PBXGroup;
			children = (
				784F52170E0E742900ABCD1D /* Carbon.framework */,
				4DE3BE130D8651D900ECA448 /* MacRuby.framework */,
				1058C7A1FEA54F0111CA2CBB /* Cocoa.framework */,
			);
			name = "Linked Frameworks";
			sourceTree = "<group>";
		};
		1058C7A2FEA54F0111CA2CBB /* Other Frameworks */ = {
			isa = PBXGroup;
			children = (
				784F52D70E0E743800ABCD1D /* WebKit.framework */,
				29B97324FDCFA39411CA2CEA /* AppKit.framework */,
				13E42FB307B3F0F600E4EEF1 /* CoreData.framework */,
				29B97325FDCFA39411CA2CEA /* Foundation.framework */,
			);
			name = "Other Frameworks";
			sourceTree = "<group>";
		};
		19C28FACFE9D520D11CA2CBB /* Products */ = {
			isa = PBXGroup;
			children = (
				8D1107320486CEB800E47090 /* LimeChat.app */,
			);
			name = Products;
			sourceTree = "<group>";
		};
		29B97314FDCFA39411CA2CEA /* LimeChat */ = {
			isa = PBXGroup;
			children = (
				080E96DDFE201D6D7F000001 /* Classes */,
				29B97315FDCFA39411CA2CEA /* Other Sources */,
				29B97317FDCFA39411CA2CEA /* Resources */,
				29B97323FDCFA39411CA2CEA /* Frameworks */,
				19C28FACFE9D520D11CA2CBB /* Products */,
			);
			name = LimeChat;
			sourceTree = "<group>";
		};
		29B97315FDCFA39411CA2CEA /* Other Sources */ = {
			isa = PBXGroup;
			children = (
				78ADE7220E0E749200991CCF /* AsyncSocket.h */,
				78ADE7230E0E749200991CCF /* AsyncSocket.m */,
				78ADE7240E0E749200991CCF /* GradientFill.h */,
				78ADE7250E0E749200991CCF /* GradientFill.m */,
				78ADE7260E0E749200991CCF /* main.m */,
				78ADE7270E0E749200991CCF /* OldEventManager.h */,
				78ADE7280E0E749200991CCF /* OldEventManager.m */,
				78ADE7290E0E749200991CCF /* rb_main.rb */,
			);
			name = "Other Sources";
			sourceTree = "<group>";
		};
		29B97317FDCFA39411CA2CEA /* Resources */ = {
			isa = PBXGroup;
			children = (
				8D1107310486CEB800E47090 /* Info.plist */,
				089C165CFE840E0CC02AAC07 /* InfoPlist.strings */,
				29B97318FDCFA39411CA2CEA /* MainMenu.nib */,
			);
			name = Resources;
			sourceTree = "<group>";
		};
		29B97323FDCFA39411CA2CEA /* Frameworks */ = {
			isa = PBXGroup;
			children = (
				1058C7A0FEA54F0111CA2CBB /* Linked Frameworks */,
				1058C7A2FEA54F0111CA2CBB /* Other Frameworks */,
			);
			name = Frameworks;
			sourceTree = "<group>";
		};
		78ADE72F0E0E74A500991CCF /* component */ = {
			isa = PBXGroup;
			children = (
				78ADE7300E0E74A500991CCF /* inputhistory.rb */,
				78ADE7310E0E74A500991CCF /* ircsocket.rb */,
				78ADE7320E0E74A500991CCF /* resolver.rb */,
				78ADE7330E0E74A500991CCF /* tcpclient.rb */,
				78ADE7340E0E74A500991CCF /* tcpserver.rb */,
				78ADE7350E0E74A500991CCF /* timer.rb */,
			);
			name = component;
			path = ruby/component;
			sourceTree = "<group>";
		};
		78ADE7360E0E74A500991CCF /* controller */ = {
			isa = PBXGroup;
			children = (
				78ADE7370E0E74A500991CCF /* appcontroller.rb */,
				78ADE7380E0E74A500991CCF /* growlcontroller.rb */,
				78ADE7390E0E74A500991CCF /* menucontroller.rb */,
				78ADE73A0E0E74A500991CCF /* preferences.rb */,
			);
			name = controller;
			path = ruby/controller;
			sourceTree = "<group>";
		};
		78ADE73B0E0E74A500991CCF /* dcc */ = {
			isa = PBXGroup;
			children = (
				78ADE73C0E0E74A500991CCF /* dccmanager.rb */,
				78ADE73D0E0E74A500991CCF /* dccreceiver.rb */,
				78ADE73E0E0E74A500991CCF /* dccsender.rb */,
			);
			name = dcc;
			path = ruby/dcc;
			sourceTree = "<group>";
		};
		78ADE73F0E0E74A500991CCF /* dialog */ = {
			isa = PBXGroup;
			children = (
				78ADE7400E0E74A500991CCF /* autoopdialog.rb */,
				78ADE7410E0E74A500991CCF /* channeldialog.rb */,
				78ADE7420E0E74A500991CCF /* commentsheet.rb */,
				78ADE7430E0E74A500991CCF /* listdialog.rb */,
				78ADE7440E0E74A500991CCF /* modesheet.rb */,
				78ADE7450E0E74A500991CCF /* nicksheet.rb */,
				78ADE7460E0E74A500991CCF /* pastesheet.rb */,
				78ADE7470E0E74A500991CCF /* preferencedialog.rb */,
				78ADE7480E0E74A500991CCF /* serverdialog.rb */,
				78ADE7490E0E74A500991CCF /* welcomedialog.rb */,
				78ADE74A0E0E74A500991CCF /* whoisdialog.rb */,
			);
			name = dialog;
			path = ruby/dialog;
			sourceTree = "<group>";
		};
		78ADE74B0E0E74A500991CCF /* irc */ = {
			isa = PBXGroup;
			children = (
				78ADE74C0E0E74A500991CCF /* channel.rb */,
				78ADE74D0E0E74A500991CCF /* channelmode.rb */,
				78ADE74E0E0E74A500991CCF /* config.rb */,
				78ADE74F0E0E74A500991CCF /* ircmessage.rb */,
				78ADE7500E0E74A500991CCF /* isupportinfo.rb */,
				78ADE7510E0E74A500991CCF /* unit.rb */,
				78ADE7520E0E74A500991CCF /* user.rb */,
				78ADE7530E0E74A500991CCF /* usermode.rb */,
				78ADE7540E0E74A500991CCF /* world.rb */,
			);
			name = irc;
			path = ruby/irc;
			sourceTree = "<group>";
		};
		78ADE7550E0E74A500991CCF /* lib */ = {
			isa = PBXGroup;
			children = (
				78ADE7560E0E74A500991CCF /* cocoasheet.rb */,
				78ADE7570E0E74A500991CCF /* dialoghelper.rb */,
				78ADE7580E0E74A500991CCF /* filelogger.rb */,
				78ADE7590E0E74A500991CCF /* growl.rb */,
				78ADE75A0E0E74A500991CCF /* kanasupport.rb */,
				78ADE75B0E0E74A500991CCF /* keyeventhandler.rb */,
				78ADE75C0E0E74A500991CCF /* numberformat.rb */,
				78ADE75D0E0E74A500991CCF /* pasternakclient.rb */,
				78ADE75E0E0E74A500991CCF /* pastieclient.rb */,
				78ADE75F0E0E74A500991CCF /* persistencehelper.rb */,
				78ADE7600E0E74A500991CCF /* soundplayer.rb */,
				78ADE7610E0E74A500991CCF /* stringvalidator.rb */,
				78ADE7620E0E74A500991CCF /* unicodeutil.rb */,
				78ADE7630E0E74A500991CCF /* urlopener.rb */,
				78ADE7640E0E74A500991CCF /* userdefaultsaccess.rb */,
				78ADE7650E0E74A500991CCF /* utility.rb */,
				78ADE7660E0E74A500991CCF /* wildcard.rb */,
			);
			name = lib;
			path = ruby/lib;
			sourceTree = "<group>";
		};
		78ADE7670E0E74A500991CCF /* plugin */ = {
			isa = PBXGroup;
			children = (
				78ADE7680E0E74A500991CCF /* plugin.rb */,
				78ADE7690E0E74A500991CCF /* pluginmanager.rb */,
			);
			name = plugin;
			path = ruby/plugin;
			sourceTree = "<group>";
		};
		78ADE76A0E0E74A500991CCF /* view */ = {
			isa = PBXGroup;
			children = (
				78ADE76B0E0E74A500991CCF /* chatbox.rb */,
				78ADE76C0E0E74A500991CCF /* dialogwindow.rb */,
				78ADE76D0E0E74A500991CCF /* fieldeditortextview.rb */,
				78ADE76E0E0E74A500991CCF /* listview.rb */,
				78ADE76F0E0E74A500991CCF /* log.rb */,
				78ADE7700E0E74A500991CCF /* logrenderer.rb */,
				78ADE7710E0E74A500991CCF /* logview.rb */,
				78ADE7720E0E74A500991CCF /* mainwindow.rb */,
				78ADE7730E0E74A500991CCF /* markedscroller.rb */,
				78ADE7740E0E74A500991CCF /* memberlistview.rb */,
				78ADE7750E0E74A500991CCF /* servertreeview.rb */,
				78ADE7760E0E74A500991CCF /* singlelineformatter.rb */,
				78ADE7770E0E74A500991CCF /* splitter.rb */,
				78ADE7780E0E74A500991CCF /* tableprogressindicator.rb */,
				78ADE7790E0E74A500991CCF /* textfield.rb */,
				78ADE77A0E0E74A500991CCF /* treeview.rb */,
				78ADE77B0E0E74A500991CCF /* viewtheme.rb */,
			);
			name = view;
			path = ruby/view;
			sourceTree = "<group>";
		};
/* End PBXGroup section */

/* Begin PBXNativeTarget section */
		8D1107260486CEB800E47090 /* LimeChat */ = {
			isa = PBXNativeTarget;
			buildConfigurationList = C01FCF4A08A954540054247B /* Build configuration list for PBXNativeTarget "LimeChat" */;
			buildPhases = (
				8D1107290486CEB800E47090 /* Resources */,
				8D11072C0486CEB800E47090 /* Sources */,
				8D11072E0486CEB800E47090 /* Frameworks */,
			);
			buildRules = (
			);
			dependencies = (
			);
			name = LimeChat;
			productInstallPath = "$(HOME)/Applications";
			productName = LimeChat;
			productReference = 8D1107320486CEB800E47090 /* LimeChat.app */;
			productType = "com.apple.product-type.application";
		};
/* End PBXNativeTarget section */

/* Begin PBXProject section */
		29B97313FDCFA39411CA2CEA /* Project object */ = {
			isa = PBXProject;
			buildConfigurationList = C01FCF4E08A954540054247B /* Build configuration list for PBXProject "LimeChat" */;
			compatibilityVersion = "Xcode 3.0";
			hasScannedForEncodings = 1;
			mainGroup = 29B97314FDCFA39411CA2CEA /* LimeChat */;
			projectDirPath = "";
			projectRoot = "";
			targets = (
				8D1107260486CEB800E47090 /* LimeChat */,
			);
		};
/* End PBXProject section */

/* Begin PBXResourcesBuildPhase section */
		8D1107290486CEB800E47090 /* Resources */ = {
			isa = PBXResourcesBuildPhase;
			buildActionMask = 2147483647;
			files = (
				8D11072A0486CEB800E47090 /* MainMenu.nib in Resources */,
				8D11072B0486CEB800E47090 /* InfoPlist.strings in Resources */,
				78ADE72E0E0E749200991CCF /* rb_main.rb in Resources */,
				78ADE77C0E0E74A500991CCF /* inputhistory.rb in Resources */,
				78ADE77D0E0E74A500991CCF /* ircsocket.rb in Resources */,
				78ADE77E0E0E74A500991CCF /* resolver.rb in Resources */,
				78ADE77F0E0E74A500991CCF /* tcpclient.rb in Resources */,
				78ADE7800E0E74A500991CCF /* tcpserver.rb in Resources */,
				78ADE7810E0E74A500991CCF /* timer.rb in Resources */,
				78ADE7820E0E74A500991CCF /* appcontroller.rb in Resources */,
				78ADE7830E0E74A500991CCF /* growlcontroller.rb in Resources */,
				78ADE7840E0E74A500991CCF /* menucontroller.rb in Resources */,
				78ADE7850E0E74A500991CCF /* preferences.rb in Resources */,
				78ADE7860E0E74A500991CCF /* dccmanager.rb in Resources */,
				78ADE7870E0E74A500991CCF /* dccreceiver.rb in Resources */,
				78ADE7880E0E74A500991CCF /* dccsender.rb in Resources */,
				78ADE7890E0E74A500991CCF /* autoopdialog.rb in Resources */,
				78ADE78A0E0E74A500991CCF /* channeldialog.rb in Resources */,
				78ADE78B0E0E74A500991CCF /* commentsheet.rb in Resources */,
				78ADE78C0E0E74A500991CCF /* listdialog.rb in Resources */,
				78ADE78D0E0E74A500991CCF /* modesheet.rb in Resources */,
				78ADE78E0E0E74A500991CCF /* nicksheet.rb in Resources */,
				78ADE78F0E0E74A500991CCF /* pastesheet.rb in Resources */,
				78ADE7900E0E74A500991CCF /* preferencedialog.rb in Resources */,
				78ADE7910E0E74A500991CCF /* serverdialog.rb in Resources */,
				78ADE7920E0E74A500991CCF /* welcomedialog.rb in Resources */,
				78ADE7930E0E74A500991CCF /* whoisdialog.rb in Resources */,
				78ADE7940E0E74A500991CCF /* channel.rb in Resources */,
				78ADE7950E0E74A500991CCF /* channelmode.rb in Resources */,
				78ADE7960E0E74A500991CCF /* config.rb in Resources */,
				78ADE7970E0E74A500991CCF /* ircmessage.rb in Resources */,
				78ADE7980E0E74A500991CCF /* isupportinfo.rb in Resources */,
				78ADE7990E0E74A500991CCF /* unit.rb in Resources */,
				78ADE79A0E0E74A500991CCF /* user.rb in Resources */,
				78ADE79B0E0E74A500991CCF /* usermode.rb in Resources */,
				78ADE79C0E0E74A500991CCF /* world.rb in Resources */,
				78ADE79D0E0E74A500991CCF /* cocoasheet.rb in Resources */,
				78ADE79E0E0E74A500991CCF /* dialoghelper.rb in Resources */,
				78ADE79F0E0E74A500991CCF /* filelogger.rb in Resources */,
				78ADE7A00E0E74A500991CCF /* growl.rb in Resources */,
				78ADE7A10E0E74A500991CCF /* kanasupport.rb in Resources */,
				78ADE7A20E0E74A500991CCF /* keyeventhandler.rb in Resources */,
				78ADE7A30E0E74A500991CCF /* numberformat.rb in Resources */,
				78ADE7A40E0E74A500991CCF /* pasternakclient.rb in Resources */,
				78ADE7A50E0E74A500991CCF /* pastieclient.rb in Resources */,
				78ADE7A60E0E74A500991CCF /* persistencehelper.rb in Resources */,
				78ADE7A70E0E74A500991CCF /* soundplayer.rb in Resources */,
				78ADE7A80E0E74A500991CCF /* stringvalidator.rb in Resources */,
				78ADE7A90E0E74A500991CCF /* unicodeutil.rb in Resources */,
				78ADE7AA0E0E74A500991CCF /* urlopener.rb in Resources */,
				78ADE7AB0E0E74A500991CCF /* userdefaultsaccess.rb in Resources */,
				78ADE7AC0E0E74A500991CCF /* utility.rb in Resources */,
				78ADE7AD0E0E74A500991CCF /* wildcard.rb in Resources */,
				78ADE7AE0E0E74A500991CCF /* plugin.rb in Resources */,
				78ADE7AF0E0E74A500991CCF /* pluginmanager.rb in Resources */,
				78ADE7B00E0E74A500991CCF /* chatbox.rb in Resources */,
				78ADE7B10E0E74A500991CCF /* dialogwindow.rb in Resources */,
				78ADE7B20E0E74A500991CCF /* fieldeditortextview.rb in Resources */,
				78ADE7B30E0E74A500991CCF /* listview.rb in Resources */,
				78ADE7B40E0E74A500991CCF /* log.rb in Resources */,
				78ADE7B50E0E74A500991CCF /* logrenderer.rb in Resources */,
				78ADE7B60E0E74A500991CCF /* logview.rb in Resources */,
				78ADE7B70E0E74A500991CCF /* mainwindow.rb in Resources */,
				78ADE7B80E0E74A500991CCF /* markedscroller.rb in Resources */,
				78ADE7B90E0E74A500991CCF /* memberlistview.rb in Resources */,
				78ADE7BA0E0E74A500991CCF /* servertreeview.rb in Resources */,
				78ADE7BB0E0E74A500991CCF /* singlelineformatter.rb in Resources */,
				78ADE7BC0E0E74A500991CCF /* splitter.rb in Resources */,
				78ADE7BD0E0E74A500991CCF /* tableprogressindicator.rb in Resources */,
				78ADE7BE0E0E74A500991CCF /* textfield.rb in Resources */,
				78ADE7BF0E0E74A500991CCF /* treeview.rb in Resources */,
				78ADE7C00E0E74A500991CCF /* viewtheme.rb in Resources */,
			);
			runOnlyForDeploymentPostprocessing = 0;
		};
/* End PBXResourcesBuildPhase section */

/* Begin PBXSourcesBuildPhase section */
		8D11072C0486CEB800E47090 /* Sources */ = {
			isa = PBXSourcesBuildPhase;
			buildActionMask = 2147483647;
			files = (
				78ADE72A0E0E749200991CCF /* AsyncSocket.m in Sources */,
				78ADE72B0E0E749200991CCF /* GradientFill.m in Sources */,
				78ADE72C0E0E749200991CCF /* main.m in Sources */,
				78ADE72D0E0E749200991CCF /* OldEventManager.m in Sources */,
			);
			runOnlyForDeploymentPostprocessing = 0;
		};
/* End PBXSourcesBuildPhase section */

/* Begin PBXVariantGroup section */
		089C165CFE840E0CC02AAC07 /* InfoPlist.strings */ = {
			isa = PBXVariantGroup;
			children = (
				089C165DFE840E0CC02AAC07 /* English */,
			);
			name = InfoPlist.strings;
			sourceTree = "<group>";
		};
		29B97318FDCFA39411CA2CEA /* MainMenu.nib */ = {
			isa = PBXVariantGroup;
			children = (
				29B97319FDCFA39411CA2CEA /* English */,
			);
			name = MainMenu.nib;
			sourceTree = "<group>";
		};
/* End PBXVariantGroup section */

/* Begin XCBuildConfiguration section */
		C01FCF4B08A954540054247B /* Debug */ = {
			isa = XCBuildConfiguration;
			buildSettings = {
				COPY_PHASE_STRIP = NO;
				GCC_DYNAMIC_NO_PIC = NO;
				GCC_ENABLE_FIX_AND_CONTINUE = YES;
				GCC_MODEL_TUNING = G5;
				GCC_OPTIMIZATION_LEVEL = 0;
				GCC_PRECOMPILE_PREFIX_HEADER = YES;
				INFOPLIST_FILE = Info.plist;
				INSTALL_PATH = "$(HOME)/Applications";
				PRODUCT_NAME = LimeChat;
				WRAPPER_EXTENSION = app;
				ZERO_LINK = YES;
			};
			name = Debug;
		};
		C01FCF4C08A954540054247B /* Release */ = {
			isa = XCBuildConfiguration;
			buildSettings = {
				DEBUG_INFORMATION_FORMAT = "dwarf-with-dsym";
				GCC_MODEL_TUNING = G5;
				GCC_PRECOMPILE_PREFIX_HEADER = YES;
				INFOPLIST_FILE = Info.plist;
				INSTALL_PATH = "$(HOME)/Applications";
				PRODUCT_NAME = LimeChat;
				WRAPPER_EXTENSION = app;
			};
			name = Release;
		};
		C01FCF4F08A954540054247B /* Debug */ = {
			isa = XCBuildConfiguration;
			buildSettings = {
				GCC_ENABLE_OBJC_GC = required;
				GCC_WARN_ABOUT_RETURN_TYPE = YES;
				GCC_WARN_UNUSED_VARIABLE = YES;
				PREBINDING = NO;
				SDKROOT = "$(DEVELOPER_SDK_DIR)/MacOSX10.5.sdk";
			};
			name = Debug;
		};
		C01FCF5008A954540054247B /* Release */ = {
			isa = XCBuildConfiguration;
			buildSettings = {
				GCC_ENABLE_OBJC_GC = required;
				GCC_WARN_ABOUT_RETURN_TYPE = YES;
				GCC_WARN_UNUSED_VARIABLE = YES;
				PREBINDING = NO;
				SDKROOT = "$(DEVELOPER_SDK_DIR)/MacOSX10.5.sdk";
			};
			name = Release;
		};
/* End XCBuildConfiguration section */

/* Begin XCConfigurationList section */
		C01FCF4A08A954540054247B /* Build configuration list for PBXNativeTarget "LimeChat" */ = {
			isa = XCConfigurationList;
			buildConfigurations = (
				C01FCF4B08A954540054247B /* Debug */,
				C01FCF4C08A954540054247B /* Release */,
			);
			defaultConfigurationIsVisible = 0;
			defaultConfigurationName = Release;
		};
		C01FCF4E08A954540054247B /* Build configuration list for PBXProject "LimeChat" */ = {
			isa = XCConfigurationList;
			buildConfigurations = (
				C01FCF4F08A954540054247B /* Debug */,
				C01FCF5008A954540054247B /* Release */,
			);
			defaultConfigurationIsVisible = 0;
			defaultConfigurationName = Release;
		};
/* End XCConfigurationList section */
	};
	rootObject = 29B97313FDCFA39411CA2CEA /* Project object */;
}
